
Microsoft Visual Studio Solution File, Format Version 12.00
# Visual Studio Version 17
VisualStudioVersion = 17.0.31903.59
MinimumVisualStudioVersion = 10.0.40219.1
Project("{9A19103F-16F7-4668-BE54-9A1E7A4F7556}") = "AdventOfCode2021", "AdventOfCode2021.csproj", "{8C93B193-C36B-4FC6-A582-4650088833DB}"
EndProject
Global
	GlobalSection(SolutionConfigurationPlatforms) = preSolution
		Debug|Any CPU = Debug|Any CPU
		Release|Any CPU = Release|Any CPU
	EndGlobalSection
	GlobalSection(ProjectConfigurationPlatforms) = postSolution
		{8C93B193-C36B-4FC6-A582-4650088833DB}.Debug|Any CPU.ActiveCfg = Debug|Any CPU
		{8C93B193-C36B-4FC6-A582-4650088833DB}.Debug|Any CPU.Build.0 = Debug|Any CPU
		{8C93B193-C36B-4FC6-A582-4650088833DB}.Release|Any CPU.ActiveCfg = Release|Any CPU
		{8C93B193-C36B-4FC6-A582-4650088833DB}.Release|Any CPU.Build.0 = Release|Any CPU
	EndGlobalSection
	GlobalSection(SolutionProperties) = preSolution
		HideSolutionNode = FALSE
	EndGlobalSection
	GlobalSection(ExtensibilityGlobals) = postSolution
		SolutionGuid = {52FAD5D4-B7CE-465B-86DB-BDF9F3CB20AE}
	EndGlobalSection
EndGlobal
